// !$*UTF8*$!
{
	archiveVersion = 1;
	classes = {
	};
	objectVersion = 56;
	objects = {

/* Begin PBXBuildFile section */
		F3725E282C88404E008EB388 /* ListViewController.swift in Sources */ = {isa = PBXBuildFile; fileRef = F3725E272C88404E008EB388 /* ListViewController.swift */; };
		F3725E2A2C887A9E008EB388 /* MovieTwoColumnCell.swift in Sources */ = {isa = PBXBuildFile; fileRef = F3725E292C887A9E008EB388 /* MovieTwoColumnCell.swift */; };
		F3F06E022C7DF0BF00EDFAA2 /* TrendingMovieResponseModel.swift in Sources */ = {isa = PBXBuildFile; fileRef = F3F06E012C7DF0BF00EDFAA2 /* TrendingMovieResponseModel.swift */; };
		F51DB50F2C772CF200635EFE /* WebViewController.swift in Sources */ = {isa = PBXBuildFile; fileRef = F51DB50E2C772CF200635EFE /* WebViewController.swift */; };
		F5BA0EA72C74914E001FF330 /* MovieListModel.swift in Sources */ = {isa = PBXBuildFile; fileRef = F5BA0EA62C74914E001FF330 /* MovieListModel.swift */; };
		F5BA0EA92C74B47C001FF330 /* MovieCollectionViewCell.swift in Sources */ = {isa = PBXBuildFile; fileRef = F5BA0EA82C74B47C001FF330 /* MovieCollectionViewCell.swift */; };
		F5BA0EAB2C75DA38001FF330 /* DetailViewController.swift in Sources */ = {isa = PBXBuildFile; fileRef = F5BA0EAA2C75DA38001FF330 /* DetailViewController.swift */; };
		F5C437902C64B70D001FED71 /* AppDelegate.swift in Sources */ = {isa = PBXBuildFile; fileRef = F5C4378F2C64B70D001FED71 /* AppDelegate.swift */; };
		F5C437922C64B70D001FED71 /* SceneDelegate.swift in Sources */ = {isa = PBXBuildFile; fileRef = F5C437912C64B70D001FED71 /* SceneDelegate.swift */; };
		F5C437942C64B70D001FED71 /* ViewController.swift in Sources */ = {isa = PBXBuildFile; fileRef = F5C437932C64B70D001FED71 /* ViewController.swift */; };
		F5C437972C64B70D001FED71 /* Main.storyboard in Resources */ = {isa = PBXBuildFile; fileRef = F5C437952C64B70D001FED71 /* Main.storyboard */; };
		F5C437992C64B70D001FED71 /* Assets.xcassets in Resources */ = {isa = PBXBuildFile; fileRef = F5C437982C64B70D001FED71 /* Assets.xcassets */; };
		F5C4379C2C64B70D001FED71 /* LaunchScreen.storyboard in Resources */ = {isa = PBXBuildFile; fileRef = F5C4379A2C64B70D001FED71 /* LaunchScreen.storyboard */; };
/* End PBXBuildFile section */

/* Begin PBXFileReference section */
		F3725E272C88404E008EB388 /* ListViewController.swift */ = {isa = PBXFileReference; lastKnownFileType = sourcecode.swift; path = ListViewController.swift; sourceTree = "<group>"; };
		F3725E292C887A9E008EB388 /* MovieTwoColumnCell.swift */ = {isa = PBXFileReference; lastKnownFileType = sourcecode.swift; path = MovieTwoColumnCell.swift; sourceTree = "<group>"; };
		F3F06E012C7DF0BF00EDFAA2 /* TrendingMovieResponseModel.swift */ = {isa = PBXFileReference; lastKnownFileType = sourcecode.swift; path = TrendingMovieResponseModel.swift; sourceTree = "<group>"; };
		F51DB50E2C772CF200635EFE /* WebViewController.swift */ = {isa = PBXFileReference; lastKnownFileType = sourcecode.swift; path = WebViewController.swift; sourceTree = "<group>"; };
		F5BA0EA62C74914E001FF330 /* MovieListModel.swift */ = {isa = PBXFileReference; lastKnownFileType = sourcecode.swift; path = MovieListModel.swift; sourceTree = "<group>"; };
		F5BA0EA82C74B47C001FF330 /* MovieCollectionViewCell.swift */ = {isa = PBXFileReference; lastKnownFileType = sourcecode.swift; path = MovieCollectionViewCell.swift; sourceTree = "<group>"; };
		F5BA0EAA2C75DA38001FF330 /* DetailViewController.swift */ = {isa = PBXFileReference; lastKnownFileType = sourcecode.swift; path = DetailViewController.swift; sourceTree = "<group>"; };
		F5C4378C2C64B70D001FED71 /* MovieList.app */ = {isa = PBXFileReference; explicitFileType = wrapper.application; includeInIndex = 0; path = MovieList.app; sourceTree = BUILT_PRODUCTS_DIR; };
		F5C4378F2C64B70D001FED71 /* AppDelegate.swift */ = {isa = PBXFileReference; lastKnownFileType = sourcecode.swift; path = AppDelegate.swift; sourceTree = "<group>"; };
		F5C437912C64B70D001FED71 /* SceneDelegate.swift */ = {isa = PBXFileReference; lastKnownFileType = sourcecode.swift; path = SceneDelegate.swift; sourceTree = "<group>"; };
		F5C437932C64B70D001FED71 /* ViewController.swift */ = {isa = PBXFileReference; lastKnownFileType = sourcecode.swift; path = ViewController.swift; sourceTree = "<group>"; };
		F5C437962C64B70D001FED71 /* Base */ = {isa = PBXFileReference; lastKnownFileType = file.storyboard; name = Base; path = Base.lproj/Main.storyboard; sourceTree = "<group>"; };
		F5C437982C64B70D001FED71 /* Assets.xcassets */ = {isa = PBXFileReference; lastKnownFileType = folder.assetcatalog; path = Assets.xcassets; sourceTree = "<group>"; };
		F5C4379B2C64B70D001FED71 /* Base */ = {isa = PBXFileReference; lastKnownFileType = file.storyboard; name = Base; path = Base.lproj/LaunchScreen.storyboard; sourceTree = "<group>"; };
		F5C4379D2C64B70D001FED71 /* Info.plist */ = {isa = PBXFileReference; lastKnownFileType = text.plist.xml; path = Info.plist; sourceTree = "<group>"; };
/* End PBXFileReference section */

/* Begin PBXFrameworksBuildPhase section */
		F5C437892C64B70D001FED71 /* Frameworks */ = {
			isa = PBXFrameworksBuildPhase;
			buildActionMask = 2147483647;
			files = (
			);
			runOnlyForDeploymentPostprocessing = 0;
		};
/* End PBXFrameworksBuildPhase section */

/* Begin PBXGroup section */
		F5C437832C64B70D001FED71 = {
			isa = PBXGroup;
			children = (
				F5C4378E2C64B70D001FED71 /* MovieList */,
				F5C4378D2C64B70D001FED71 /* Products */,
			);
			sourceTree = "<group>";
		};
		F5C4378D2C64B70D001FED71 /* Products */ = {
			isa = PBXGroup;
			children = (
				F5C4378C2C64B70D001FED71 /* MovieList.app */,
			);
			name = Products;
			sourceTree = "<group>";
		};
		F5C4378E2C64B70D001FED71 /* MovieList */ = {
			isa = PBXGroup;
			children = (
				F5C4378F2C64B70D001FED71 /* AppDelegate.swift */,
				F5C437912C64B70D001FED71 /* SceneDelegate.swift */,
				F5C437932C64B70D001FED71 /* ViewController.swift */,
				F3725E272C88404E008EB388 /* ListViewController.swift */,
				F3725E292C887A9E008EB388 /* MovieTwoColumnCell.swift */,
				F5BA0EAA2C75DA38001FF330 /* DetailViewController.swift */,
				F51DB50E2C772CF200635EFE /* WebViewController.swift */,
				F5C437952C64B70D001FED71 /* Main.storyboard */,
				F5BA0EA82C74B47C001FF330 /* MovieCollectionViewCell.swift */,
				F5BA0EA62C74914E001FF330 /* MovieListModel.swift */,
				F5C437982C64B70D001FED71 /* Assets.xcassets */,
				F5C4379A2C64B70D001FED71 /* LaunchScreen.storyboard */,
				F5C4379D2C64B70D001FED71 /* Info.plist */,
				F3F06E012C7DF0BF00EDFAA2 /* TrendingMovieResponseModel.swift */,
			);
			path = MovieList;
			sourceTree = "<group>";
		};
/* End PBXGroup section */

/* Begin PBXNativeTarget section */
		F5C4378B2C64B70D001FED71 /* MovieList */ = {
			isa = PBXNativeTarget;
			buildConfigurationList = F5C437A02C64B70D001FED71 /* Build configuration list for PBXNativeTarget "MovieList" */;
			buildPhases = (
				F5C437882C64B70D001FED71 /* Sources */,
				F5C437892C64B70D001FED71 /* Frameworks */,
				F5C4378A2C64B70D001FED71 /* Resources */,
			);
			buildRules = (
			);
			dependencies = (
			);
			name = MovieList;
			productName = MovieList;
			productReference = F5C4378C2C64B70D001FED71 /* MovieList.app */;
			productType = "com.apple.product-type.application";
		};
/* End PBXNativeTarget section */

/* Begin PBXProject section */
		F5C437842C64B70D001FED71 /* Project object */ = {
			isa = PBXProject;
			attributes = {
				BuildIndependentTargetsInParallel = 1;
				LastSwiftUpdateCheck = 1420;
				LastUpgradeCheck = 1420;
				TargetAttributes = {
					F5C4378B2C64B70D001FED71 = {
						CreatedOnToolsVersion = 14.2;
					};
				};
			};
			buildConfigurationList = F5C437872C64B70D001FED71 /* Build configuration list for PBXProject "MovieList" */;
			compatibilityVersion = "Xcode 14.0";
			developmentRegion = en;
			hasScannedForEncodings = 0;
			knownRegions = (
				en,
				Base,
			);
			mainGroup = F5C437832C64B70D001FED71;
			productRefGroup = F5C4378D2C64B70D001FED71 /* Products */;
			projectDirPath = "";
			projectRoot = "";
			targets = (
				F5C4378B2C64B70D001FED71 /* MovieList */,
			);
		};
/* End PBXProject section */

/* Begin PBXResourcesBuildPhase section */
		F5C4378A2C64B70D001FED71 /* Resources */ = {
			isa = PBXResourcesBuildPhase;
			buildActionMask = 2147483647;
			files = (
				F5C4379C2C64B70D001FED71 /* LaunchScreen.storyboard in Resources */,
				F5C437992C64B70D001FED71 /* Assets.xcassets in Resources */,
				F5C437972C64B70D001FED71 /* Main.storyboard in Resources */,
			);
			runOnlyForDeploymentPostprocessing = 0;
		};
/* End PBXResourcesBuildPhase section */

/* Begin PBXSourcesBuildPhase section */
		F5C437882C64B70D001FED71 /* Sources */ = {
			isa = PBXSourcesBuildPhase;
			buildActionMask = 2147483647;
			files = (
				F5BA0EA72C74914E001FF330 /* MovieListModel.swift in Sources */,
				F5C437942C64B70D001FED71 /* ViewController.swift in Sources */,
				F5BA0EA92C74B47C001FF330 /* MovieCollectionViewCell.swift in Sources */,
				F5BA0EAB2C75DA38001FF330 /* DetailViewController.swift in Sources */,
				F3F06E022C7DF0BF00EDFAA2 /* TrendingMovieResponseModel.swift in Sources */,
				F3725E2A2C887A9E008EB388 /* MovieTwoColumnCell.swift in Sources */,
				F3725E282C88404E008EB388 /* ListViewController.swift in Sources */,
				F51DB50F2C772CF200635EFE /* WebViewController.swift in Sources */,
				F5C437902C64B70D001FED71 /* AppDelegate.swift in Sources */,
				F5C437922C64B70D001FED71 /* SceneDelegate.swift in Sources */,
			);
			runOnlyForDeploymentPostprocessing = 0;
		};
/* End PBXSourcesBuildPhase section */

/* Begin PBXVariantGroup section */
		F5C437952C64B70D001FED71 /* Main.storyboard */ = {
			isa = PBXVariantGroup;
			children = (
				F5C437962C64B70D001FED71 /* Base */,
			);
			name = Main.storyboard;
			sourceTree = "<group>";
		};
		F5C4379A2C64B70D001FED71 /* LaunchScreen.storyboard */ = {
			isa = PBXVariantGroup;
			children = (
				F5C4379B2C64B70D001FED71 /* Base */,
			);
			name = LaunchScreen.storyboard;
			sourceTree = "<group>";
		};
/* End PBXVariantGroup section */

/* Begin XCBuildConfiguration section */
		F5C4379E2C64B70D001FED71 /* Debug */ = {
			isa = XCBuildConfiguration;
			buildSettings = {
				ALWAYS_SEARCH_USER_PATHS = NO;
				CLANG_ANALYZER_NONNULL = YES;
				CLANG_ANALYZER_NUMBER_OBJECT_CONVERSION = YES_AGGRESSIVE;
				CLANG_CXX_LANGUAGE_STANDARD = "gnu++20";
				CLANG_ENABLE_MODULES = YES;
				CLANG_ENABLE_OBJC_ARC = YES;
				CLANG_ENABLE_OBJC_WEAK = YES;
				CLANG_WARN_BLOCK_CAPTURE_AUTORELEASING = YES;
				CLANG_WARN_BOOL_CONVERSION = YES;
				CLANG_WARN_COMMA = YES;
				CLANG_WARN_CONSTANT_CONVERSION = YES;
				CLANG_WARN_DEPRECATED_OBJC_IMPLEMENTATIONS = YES;
				CLANG_WARN_DIRECT_OBJC_ISA_USAGE = YES_ERROR;
				CLANG_WARN_DOCUMENTATION_COMMENTS = YES;
				CLANG_WARN_EMPTY_BODY = YES;
				CLANG_WARN_ENUM_CONVERSION = YES;
				CLANG_WARN_INFINITE_RECURSION = YES;
				CLANG_WARN_INT_CONVERSION = YES;
				CLANG_WARN_NON_LITERAL_NULL_CONVERSION = YES;
				CLANG_WARN_OBJC_IMPLICIT_RETAIN_SELF = YES;
				CLANG_WARN_OBJC_LITERAL_CONVERSION = YES;
				CLANG_WARN_OBJC_ROOT_CLASS = YES_ERROR;
				CLANG_WARN_QUOTED_INCLUDE_IN_FRAMEWORK_HEADER = YES;
				CLANG_WARN_RANGE_LOOP_ANALYSIS = YES;
				CLANG_WARN_STRICT_PROTOTYPES = YES;
				CLANG_WARN_SUSPICIOUS_MOVE = YES;
				CLANG_WARN_UNGUARDED_AVAILABILITY = YES_AGGRESSIVE;
				CLANG_WARN_UNREACHABLE_CODE = YES;
				CLANG_WARN__DUPLICATE_METHOD_MATCH = YES;
				COPY_PHASE_STRIP = NO;
				DEBUG_INFORMATION_FORMAT = dwarf;
				ENABLE_STRICT_OBJC_MSGSEND = YES;
				ENABLE_TESTABILITY = YES;
				GCC_C_LANGUAGE_STANDARD = gnu11;
				GCC_DYNAMIC_NO_PIC = NO;
				GCC_NO_COMMON_BLOCKS = YES;
				GCC_OPTIMIZATION_LEVEL = 0;
				GCC_PREPROCESSOR_DEFINITIONS = (
					"DEBUG=1",
					"$(inherited)",
				);
				GCC_WARN_64_TO_32_BIT_CONVERSION = YES;
				GCC_WARN_ABOUT_RETURN_TYPE = YES_ERROR;
				GCC_WARN_UNDECLARED_SELECTOR = YES;
				GCC_WARN_UNINITIALIZED_AUTOS = YES_AGGRESSIVE;
				GCC_WARN_UNUSED_FUNCTION = YES;
				GCC_WARN_UNUSED_VARIABLE = YES;
				IPHONEOS_DEPLOYMENT_TARGET = 16.2;
				MTL_ENABLE_DEBUG_INFO = INCLUDE_SOURCE;
				MTL_FAST_MATH = YES;
				ONLY_ACTIVE_ARCH = YES;
				SDKROOT = iphoneos;
				SWIFT_ACTIVE_COMPILATION_CONDITIONS = DEBUG;
				SWIFT_OPTIMIZATION_LEVEL = "-Onone";
			};
			name = Debug;
		};
		F5C4379F2C64B70D001FED71 /* Release */ = {
			isa = XCBuildConfiguration;
			buildSettings = {
				ALWAYS_SEARCH_USER_PATHS = NO;
				CLANG_ANALYZER_NONNULL = YES;
				CLANG_ANALYZER_NUMBER_OBJECT_CONVERSION = YES_AGGRESSIVE;
				CLANG_CXX_LANGUAGE_STANDARD = "gnu++20";
				CLANG_ENABLE_MODULES = YES;
				CLANG_ENABLE_OBJC_ARC = YES;
				CLANG_ENABLE_OBJC_WEAK = YES;
				CLANG_WARN_BLOCK_CAPTURE_AUTORELEASING = YES;
				CLANG_WARN_BOOL_CONVERSION = YES;
				CLANG_WARN_COMMA = YES;
				CLANG_WARN_CONSTANT_CONVERSION = YES;
				CLANG_WARN_DEPRECATED_OBJC_IMPLEMENTATIONS = YES;
				CLANG_WARN_DIRECT_OBJC_ISA_USAGE = YES_ERROR;
				CLANG_WARN_DOCUMENTATION_COMMENTS = YES;
				CLANG_WARN_EMPTY_BODY = YES;
				CLANG_WARN_ENUM_CONVERSION = YES;
				CLANG_WARN_INFINITE_RECURSION = YES;
				CLANG_WARN_INT_CONVERSION = YES;
				CLANG_WARN_NON_LITERAL_NULL_CONVERSION = YES;
				CLANG_WARN_OBJC_IMPLICIT_RETAIN_SELF = YES;
				CLANG_WARN_OBJC_LITERAL_CONVERSION = YES;
				CLANG_WARN_OBJC_ROOT_CLASS = YES_ERROR;
				CLANG_WARN_QUOTED_INCLUDE_IN_FRAMEWORK_HEADER = YES;
				CLANG_WARN_RANGE_LOOP_ANALYSIS = YES;
				CLANG_WARN_STRICT_PROTOTYPES = YES;
				CLANG_WARN_SUSPICIOUS_MOVE = YES;
				CLANG_WARN_UNGUARDED_AVAILABILITY = YES_AGGRESSIVE;
				CLANG_WARN_UNREACHABLE_CODE = YES;
				CLANG_WARN__DUPLICATE_METHOD_MATCH = YES;
				COPY_PHASE_STRIP = NO;
				DEBUG_INFORMATION_FORMAT = "dwarf-with-dsym";
				ENABLE_NS_ASSERTIONS = NO;
				ENABLE_STRICT_OBJC_MSGSEND = YES;
				GCC_C_LANGUAGE_STANDARD = gnu11;
				GCC_NO_COMMON_BLOCKS = YES;
				GCC_WARN_64_TO_32_BIT_CONVERSION = YES;
				GCC_WARN_ABOUT_RETURN_TYPE = YES_ERROR;
				GCC_WARN_UNDECLARED_SELECTOR = YES;
				GCC_WARN_UNINITIALIZED_AUTOS = YES_AGGRESSIVE;
				GCC_WARN_UNUSED_FUNCTION = YES;
				GCC_WARN_UNUSED_VARIABLE = YES;
				IPHONEOS_DEPLOYMENT_TARGET = 16.2;
				MTL_ENABLE_DEBUG_INFO = NO;
				MTL_FAST_MATH = YES;
				SDKROOT = iphoneos;
				SWIFT_COMPILATION_MODE = wholemodule;
				SWIFT_OPTIMIZATION_LEVEL = "-O";
				VALIDATE_PRODUCT = YES;
			};
			name = Release;
		};
		F5C437A12C64B70D001FED71 /* Debug */ = {
			isa = XCBuildConfiguration;
			buildSettings = {
				ASSETCATALOG_COMPILER_APPICON_NAME = AppIcon;
				ASSETCATALOG_COMPILER_GLOBAL_ACCENT_COLOR_NAME = AccentColor;
				CODE_SIGN_STYLE = Automatic;
				CURRENT_PROJECT_VERSION = 1;
				GENERATE_INFOPLIST_FILE = YES;
				INFOPLIST_FILE = MovieList/Info.plist;
				INFOPLIST_KEY_UIApplicationSupportsIndirectInputEvents = YES;
				INFOPLIST_KEY_UILaunchStoryboardName = LaunchScreen;
				INFOPLIST_KEY_UIMainStoryboardFile = Main;
				INFOPLIST_KEY_UISupportedInterfaceOrientations_iPad = "UIInterfaceOrientationPortrait UIInterfaceOrientationPortraitUpsideDown UIInterfaceOrientationLandscapeLeft UIInterfaceOrientationLandscapeRight";
				INFOPLIST_KEY_UISupportedInterfaceOrientations_iPhone = "UIInterfaceOrientationPortrait UIInterfaceOrientationLandscapeLeft UIInterfaceOrientationLandscapeRight";
				LD_RUNPATH_SEARCH_PATHS = (
					"$(inherited)",
					"@executable_path/Frameworks",
				);
				MARKETING_VERSION = 1.0;
				PRODUCT_BUNDLE_IDENTIFIER = com.ktp.swiftClass.MovieList;
				PRODUCT_NAME = "$(TARGET_NAME)";
				SWIFT_EMIT_LOC_STRINGS = YES;
				SWIFT_VERSION = 5.0;
				TARGETED_DEVICE_FAMILY = "1,2";
			};
			name = Debug;
		};
		F5C437A22C64B70D001FED71 /* Release */ = {
			isa = XCBuildConfiguration;
			buildSettings = {
				ASSETCATALOG_COMPILER_APPICON_NAME = AppIcon;
				ASSETCATALOG_COMPILER_GLOBAL_ACCENT_COLOR_NAME = AccentColor;
				CODE_SIGN_STYLE = Automatic;
				CURRENT_PROJECT_VERSION = 1;
				GENERATE_INFOPLIST_FILE = YES;
				INFOPLIST_FILE = MovieList/Info.plist;
				INFOPLIST_KEY_UIApplicationSupportsIndirectInputEvents = YES;
				INFOPLIST_KEY_UILaunchStoryboardName = LaunchScreen;
				INFOPLIST_KEY_UIMainStoryboardFile = Main;
				INFOPLIST_KEY_UISupportedInterfaceOrientations_iPad = "UIInterfaceOrientationPortrait UIInterfaceOrientationPortraitUpsideDown UIInterfaceOrientationLandscapeLeft UIInterfaceOrientationLandscapeRight";
				INFOPLIST_KEY_UISupportedInterfaceOrientations_iPhone = "UIInterfaceOrientationPortrait UIInterfaceOrientationLandscapeLeft UIInterfaceOrientationLandscapeRight";
				LD_RUNPATH_SEARCH_PATHS = (
					"$(inherited)",
					"@executable_path/Frameworks",
				);
				MARKETING_VERSION = 1.0;
				PRODUCT_BUNDLE_IDENTIFIER = com.ktp.swiftClass.MovieList;
				PRODUCT_NAME = "$(TARGET_NAME)";
				SWIFT_EMIT_LOC_STRINGS = YES;
				SWIFT_VERSION = 5.0;
				TARGETED_DEVICE_FAMILY = "1,2";
			};
			name = Release;
		};
/* End XCBuildConfiguration section */

/* Begin XCConfigurationList section */
		F5C437872C64B70D001FED71 /* Build configuration list for PBXProject "MovieList" */ = {
			isa = XCConfigurationList;
			buildConfigurations = (
				F5C4379E2C64B70D001FED71 /* Debug */,
				F5C4379F2C64B70D001FED71 /* Release */,
			);
			defaultConfigurationIsVisible = 0;
			defaultConfigurationName = Release;
		};
		F5C437A02C64B70D001FED71 /* Build configuration list for PBXNativeTarget "MovieList" */ = {
			isa = XCConfigurationList;
			buildConfigurations = (
				F5C437A12C64B70D001FED71 /* Debug */,
				F5C437A22C64B70D001FED71 /* Release */,
			);
			defaultConfigurationIsVisible = 0;
			defaultConfigurationName = Release;
		};
/* End XCConfigurationList section */
	};
	rootObject = F5C437842C64B70D001FED71 /* Project object */;
}
